{
    "version": 3,
    "terraform_version": "0.11.7",
    "serial": 9,
    "lineage": "a83fbc2e-eda9-e7aa-c17b-89efd7a32b3e",
    "modules": [
        {
            "path": [
                "root"
            ],
            "outputs": {},
            "resources": {
                "aws_alb.appservers-load-balancer": {
                    "type": "aws_alb",
                    "depends_on": [
                        "aws_security_group.appservers-alb-sg",
                        "aws_subnet.private-subnet",
                        "aws_subnet.private-subnet.1"
                    ],
                    "primary": {
                        "id": "arn:aws:elasticloadbalancing:eu-west-1:821581557109:loadbalancer/app/appservers-load-balancer/b7c34de96bd533ed",
                        "attributes": {
                            "access_logs.#": "0",
                            "arn": "arn:aws:elasticloadbalancing:eu-west-1:821581557109:loadbalancer/app/appservers-load-balancer/b7c34de96bd533ed",
                            "arn_suffix": "app/appservers-load-balancer/b7c34de96bd533ed",
                            "dns_name": "appservers-load-balancer-93447898.eu-west-1.elb.amazonaws.com",
                            "enable_deletion_protection": "false",
                            "enable_http2": "true",
                            "id": "arn:aws:elasticloadbalancing:eu-west-1:821581557109:loadbalancer/app/appservers-load-balancer/b7c34de96bd533ed",
                            "idle_timeout": "60",
                            "internal": "false",
                            "ip_address_type": "ipv4",
                            "load_balancer_type": "application",
                            "name": "appservers-load-balancer",
                            "security_groups.#": "1",
                            "security_groups.1643451042": "sg-12c27e6f",
                            "subnet_mapping.#": "0",
                            "subnets.#": "2",
                            "subnets.1022249320": "subnet-ca2f87ac",
                            "subnets.1429262460": "subnet-bf779ce5",
                            "tags.%": "0",
                            "vpc_id": "vpc-3ecaa458",
                            "zone_id": "Z32O12XQLNTSW2"
                        },
                        "meta": {
                            "e2bfb730-ecaa-11e6-8f88-34363bc7c4c0": {
                                "create": 600000000000,
                                "delete": 600000000000,
                                "update": 600000000000
                            }
                        },
                        "tainted": false
                    },
                    "deposed": [],
                    "provider": "provider.aws"
                },
                "aws_alb.dbservers-load-balancer": {
                    "type": "aws_alb",
                    "depends_on": [
                        "aws_security_group.dbservers-alb-sg",
                        "aws_subnet.database-subnet",
                        "aws_subnet.database-subnet.1"
                    ],
                    "primary": {
                        "id": "arn:aws:elasticloadbalancing:eu-west-1:821581557109:loadbalancer/app/dbservers-load-balancer/cbcfcb7c2cb4ab96",
                        "attributes": {
                            "access_logs.#": "0",
                            "arn": "arn:aws:elasticloadbalancing:eu-west-1:821581557109:loadbalancer/app/dbservers-load-balancer/cbcfcb7c2cb4ab96",
                            "arn_suffix": "app/dbservers-load-balancer/cbcfcb7c2cb4ab96",
                            "dns_name": "dbservers-load-balancer-1467466711.eu-west-1.elb.amazonaws.com",
                            "enable_deletion_protection": "false",
                            "enable_http2": "true",
                            "id": "arn:aws:elasticloadbalancing:eu-west-1:821581557109:loadbalancer/app/dbservers-load-balancer/cbcfcb7c2cb4ab96",
                            "idle_timeout": "60",
                            "internal": "false",
                            "ip_address_type": "ipv4",
                            "load_balancer_type": "application",
                            "name": "dbservers-load-balancer",
                            "security_groups.#": "1",
                            "security_groups.620931054": "sg-bdd36fc0",
                            "subnet_mapping.#": "0",
                            "subnets.#": "2",
                            "subnets.3566274312": "subnet-9d7c97c7",
                            "subnets.925964433": "subnet-48238b2e",
                            "tags.%": "0",
                            "vpc_id": "vpc-3ecaa458",
                            "zone_id": "Z32O12XQLNTSW2"
                        },
                        "meta": {
                            "e2bfb730-ecaa-11e6-8f88-34363bc7c4c0": {
                                "create": 600000000000,
                                "delete": 600000000000,
                                "update": 600000000000
                            }
                        },
                        "tainted": false
                    },
                    "deposed": [],
                    "provider": "provider.aws"
                },
                "aws_alb.public-load-balancer": {
                    "type": "aws_alb",
                    "depends_on": [
                        "aws_security_group.public-alb-sg",
                        "aws_subnet.public-subnet",
                        "aws_subnet.public-subnet.1"
                    ],
                    "primary": {
                        "id": "arn:aws:elasticloadbalancing:eu-west-1:821581557109:loadbalancer/app/public-load-balancer/32748b5914c5f5e4",
                        "attributes": {
                            "access_logs.#": "0",
                            "arn": "arn:aws:elasticloadbalancing:eu-west-1:821581557109:loadbalancer/app/public-load-balancer/32748b5914c5f5e4",
                            "arn_suffix": "app/public-load-balancer/32748b5914c5f5e4",
                            "dns_name": "public-load-balancer-235394946.eu-west-1.elb.amazonaws.com",
                            "enable_deletion_protection": "false",
                            "enable_http2": "true",
                            "id": "arn:aws:elasticloadbalancing:eu-west-1:821581557109:loadbalancer/app/public-load-balancer/32748b5914c5f5e4",
                            "idle_timeout": "60",
                            "internal": "false",
                            "ip_address_type": "ipv4",
                            "load_balancer_type": "application",
                            "name": "public-load-balancer",
                            "security_groups.#": "1",
                            "security_groups.730708970": "sg-f0c67a8d",
                            "subnet_mapping.#": "0",
                            "subnets.#": "2",
                            "subnets.235910472": "subnet-9a3c94fc",
                            "subnets.3867178064": "subnet-13709b49",
                            "tags.%": "0",
                            "vpc_id": "vpc-3ecaa458",
                            "zone_id": "Z32O12XQLNTSW2"
                        },
                        "meta": {
                            "e2bfb730-ecaa-11e6-8f88-34363bc7c4c0": {
                                "create": 600000000000,
                                "delete": 600000000000,
                                "update": 600000000000
                            }
                        },
                        "tainted": false
                    },
                    "deposed": [],
                    "provider": "provider.aws"
                },
                "aws_alb_listener.app-alb-listener": {
                    "type": "aws_alb_listener",
                    "depends_on": [
                        "aws_alb.appservers-load-balancer",
                        "aws_alb_target_group.appservers-ecs-target-group"
                    ],
                    "primary": {
                        "id": "arn:aws:elasticloadbalancing:eu-west-1:821581557109:listener/app/appservers-load-balancer/b7c34de96bd533ed/c8f956b87a09f37d",
                        "attributes": {
                            "arn": "arn:aws:elasticloadbalancing:eu-west-1:821581557109:listener/app/appservers-load-balancer/b7c34de96bd533ed/c8f956b87a09f37d",
                            "default_action.#": "1",
                            "default_action.0.target_group_arn": "arn:aws:elasticloadbalancing:eu-west-1:821581557109:targetgroup/appservers-ecs-target-group/23b0fb6542034c9d",
                            "default_action.0.type": "forward",
                            "id": "arn:aws:elasticloadbalancing:eu-west-1:821581557109:listener/app/appservers-load-balancer/b7c34de96bd533ed/c8f956b87a09f37d",
                            "load_balancer_arn": "arn:aws:elasticloadbalancing:eu-west-1:821581557109:loadbalancer/app/appservers-load-balancer/b7c34de96bd533ed",
                            "port": "80",
                            "protocol": "HTTP",
                            "ssl_policy": ""
                        },
                        "meta": {},
                        "tainted": false
                    },
                    "deposed": [],
                    "provider": "provider.aws"
                },
                "aws_alb_listener.db-alb-listener": {
                    "type": "aws_alb_listener",
                    "depends_on": [
                        "aws_alb.dbservers-load-balancer",
                        "aws_alb_target_group.dbservers-ecs-target-group"
                    ],
                    "primary": {
                        "id": "arn:aws:elasticloadbalancing:eu-west-1:821581557109:listener/app/dbservers-load-balancer/cbcfcb7c2cb4ab96/78deb0917ddf6365",
                        "attributes": {
                            "arn": "arn:aws:elasticloadbalancing:eu-west-1:821581557109:listener/app/dbservers-load-balancer/cbcfcb7c2cb4ab96/78deb0917ddf6365",
                            "default_action.#": "1",
                            "default_action.0.target_group_arn": "arn:aws:elasticloadbalancing:eu-west-1:821581557109:targetgroup/dbservers-ecs-target-group/102ed84a919c7874",
                            "default_action.0.type": "forward",
                            "id": "arn:aws:elasticloadbalancing:eu-west-1:821581557109:listener/app/dbservers-load-balancer/cbcfcb7c2cb4ab96/78deb0917ddf6365",
                            "load_balancer_arn": "arn:aws:elasticloadbalancing:eu-west-1:821581557109:loadbalancer/app/dbservers-load-balancer/cbcfcb7c2cb4ab96",
                            "port": "80",
                            "protocol": "HTTP",
                            "ssl_policy": ""
                        },
                        "meta": {},
                        "tainted": false
                    },
                    "deposed": [],
                    "provider": "provider.aws"
                },
                "aws_alb_listener.public-alb-listener": {
                    "type": "aws_alb_listener",
                    "depends_on": [
                        "aws_alb.public-load-balancer",
                        "aws_alb_target_group.public-ecs-target-group"
                    ],
                    "primary": {
                        "id": "arn:aws:elasticloadbalancing:eu-west-1:821581557109:listener/app/public-load-balancer/32748b5914c5f5e4/93b7abc6d119ce7a",
                        "attributes": {
                            "arn": "arn:aws:elasticloadbalancing:eu-west-1:821581557109:listener/app/public-load-balancer/32748b5914c5f5e4/93b7abc6d119ce7a",
                            "default_action.#": "1",
                            "default_action.0.target_group_arn": "arn:aws:elasticloadbalancing:eu-west-1:821581557109:targetgroup/public-ecs-target-group/16774d287c45ce16",
                            "default_action.0.type": "forward",
                            "id": "arn:aws:elasticloadbalancing:eu-west-1:821581557109:listener/app/public-load-balancer/32748b5914c5f5e4/93b7abc6d119ce7a",
                            "load_balancer_arn": "arn:aws:elasticloadbalancing:eu-west-1:821581557109:loadbalancer/app/public-load-balancer/32748b5914c5f5e4",
                            "port": "80",
                            "protocol": "HTTP",
                            "ssl_policy": ""
                        },
                        "meta": {},
                        "tainted": false
                    },
                    "deposed": [],
                    "provider": "provider.aws"
                },
                "aws_alb_target_group.appservers-ecs-target-group": {
                    "type": "aws_alb_target_group",
                    "depends_on": [
                        "aws_alb.appservers-load-balancer",
                        "aws_vpc.vpc"
                    ],
                    "primary": {
                        "id": "arn:aws:elasticloadbalancing:eu-west-1:821581557109:targetgroup/appservers-ecs-target-group/23b0fb6542034c9d",
                        "attributes": {
                            "arn": "arn:aws:elasticloadbalancing:eu-west-1:821581557109:targetgroup/appservers-ecs-target-group/23b0fb6542034c9d",
                            "arn_suffix": "targetgroup/appservers-ecs-target-group/23b0fb6542034c9d",
                            "deregistration_delay": "300",
                            "health_check.#": "1",
                            "health_check.0.healthy_threshold": "5",
                            "health_check.0.interval": "30",
                            "health_check.0.matcher": "200",
                            "health_check.0.path": "/",
                            "health_check.0.port": "traffic-port",
                            "health_check.0.protocol": "HTTP",
                            "health_check.0.timeout": "5",
                            "health_check.0.unhealthy_threshold": "2",
                            "id": "arn:aws:elasticloadbalancing:eu-west-1:821581557109:targetgroup/appservers-ecs-target-group/23b0fb6542034c9d",
                            "name": "appservers-ecs-target-group",
                            "port": "80",
                            "protocol": "HTTP",
                            "proxy_protocol_v2": "false",
                            "stickiness.#": "1",
                            "stickiness.0.cookie_duration": "86400",
                            "stickiness.0.enabled": "false",
                            "stickiness.0.type": "lb_cookie",
                            "tags.%": "1",
                            "tags.Name": "appservers-ecs-target-group",
                            "target_type": "instance",
                            "vpc_id": "vpc-3ecaa458"
                        },
                        "meta": {},
                        "tainted": false
                    },
                    "deposed": [],
                    "provider": "provider.aws"
                },
                "aws_alb_target_group.dbservers-ecs-target-group": {
                    "type": "aws_alb_target_group",
                    "depends_on": [
                        "aws_alb.dbservers-load-balancer",
                        "aws_vpc.vpc"
                    ],
                    "primary": {
                        "id": "arn:aws:elasticloadbalancing:eu-west-1:821581557109:targetgroup/dbservers-ecs-target-group/102ed84a919c7874",
                        "attributes": {
                            "arn": "arn:aws:elasticloadbalancing:eu-west-1:821581557109:targetgroup/dbservers-ecs-target-group/102ed84a919c7874",
                            "arn_suffix": "targetgroup/dbservers-ecs-target-group/102ed84a919c7874",
                            "deregistration_delay": "300",
                            "health_check.#": "1",
                            "health_check.0.healthy_threshold": "5",
                            "health_check.0.interval": "30",
                            "health_check.0.matcher": "200",
                            "health_check.0.path": "/",
                            "health_check.0.port": "traffic-port",
                            "health_check.0.protocol": "HTTP",
                            "health_check.0.timeout": "5",
                            "health_check.0.unhealthy_threshold": "2",
                            "id": "arn:aws:elasticloadbalancing:eu-west-1:821581557109:targetgroup/dbservers-ecs-target-group/102ed84a919c7874",
                            "name": "dbservers-ecs-target-group",
                            "port": "80",
                            "protocol": "HTTP",
                            "proxy_protocol_v2": "false",
                            "stickiness.#": "1",
                            "stickiness.0.cookie_duration": "86400",
                            "stickiness.0.enabled": "false",
                            "stickiness.0.type": "lb_cookie",
                            "tags.%": "1",
                            "tags.Name": "dbservers-ecs-target-group",
                            "target_type": "instance",
                            "vpc_id": "vpc-3ecaa458"
                        },
                        "meta": {},
                        "tainted": false
                    },
                    "deposed": [],
                    "provider": "provider.aws"
                },
                "aws_alb_target_group.public-ecs-target-group": {
                    "type": "aws_alb_target_group",
                    "depends_on": [
                        "aws_alb.public-load-balancer",
                        "aws_vpc.vpc"
                    ],
                    "primary": {
                        "id": "arn:aws:elasticloadbalancing:eu-west-1:821581557109:targetgroup/public-ecs-target-group/16774d287c45ce16",
                        "attributes": {
                            "arn": "arn:aws:elasticloadbalancing:eu-west-1:821581557109:targetgroup/public-ecs-target-group/16774d287c45ce16",
                            "arn_suffix": "targetgroup/public-ecs-target-group/16774d287c45ce16",
                            "deregistration_delay": "300",
                            "health_check.#": "1",
                            "health_check.0.healthy_threshold": "5",
                            "health_check.0.interval": "30",
                            "health_check.0.matcher": "200",
                            "health_check.0.path": "/",
                            "health_check.0.port": "traffic-port",
                            "health_check.0.protocol": "HTTP",
                            "health_check.0.timeout": "5",
                            "health_check.0.unhealthy_threshold": "2",
                            "id": "arn:aws:elasticloadbalancing:eu-west-1:821581557109:targetgroup/public-ecs-target-group/16774d287c45ce16",
                            "name": "public-ecs-target-group",
                            "port": "80",
                            "protocol": "HTTP",
                            "proxy_protocol_v2": "false",
                            "stickiness.#": "1",
                            "stickiness.0.cookie_duration": "86400",
                            "stickiness.0.enabled": "false",
                            "stickiness.0.type": "lb_cookie",
                            "tags.%": "1",
                            "tags.Name": "public-ecs-target-group",
                            "target_type": "instance",
                            "vpc_id": "vpc-3ecaa458"
                        },
                        "meta": {},
                        "tainted": false
                    },
                    "deposed": [],
                    "provider": "provider.aws"
                },
                "aws_autoscaling_group.appserver-autoscaling-group": {
                    "type": "aws_autoscaling_group",
                    "depends_on": [
                        "aws_launch_configuration.appserver-ecs-launch-configuration",
                        "aws_subnet.private-subnet",
                        "aws_subnet.private-subnet.1"
                    ],
                    "primary": {
                        "id": "appserver-autoscaling-group",
                        "attributes": {
                            "arn": "arn:aws:autoscaling:eu-west-1:821581557109:autoScalingGroup:744bc669-90b0-4ce0-a002-212307608d01:autoScalingGroupName/appserver-autoscaling-group",
                            "availability_zones.#": "2",
                            "availability_zones.1924028850": "eu-west-1b",
                            "availability_zones.3953592328": "eu-west-1a",
                            "default_cooldown": "300",
                            "desired_capacity": "2",
                            "enabled_metrics.#": "0",
                            "force_delete": "false",
                            "health_check_grace_period": "300",
                            "health_check_type": "ELB",
                            "id": "appserver-autoscaling-group",
                            "launch_configuration": "appserver-ecs-launch-configuration",
                            "launch_template.#": "0",
                            "load_balancers.#": "0",
                            "max_size": "3",
                            "metrics_granularity": "1Minute",
                            "min_size": "1",
                            "name": "appserver-autoscaling-group",
                            "placement_group": "",
                            "protect_from_scale_in": "false",
                            "service_linked_role_arn": "arn:aws:iam::821581557109:role/aws-service-role/autoscaling.amazonaws.com/AWSServiceRoleForAutoScaling",
                            "suspended_processes.#": "0",
                            "tag.#": "0",
                            "target_group_arns.#": "0",
                            "termination_policies.#": "0",
                            "vpc_zone_identifier.#": "2",
                            "vpc_zone_identifier.1022249320": "subnet-ca2f87ac",
                            "vpc_zone_identifier.1429262460": "subnet-bf779ce5",
                            "wait_for_capacity_timeout": "10m"
                        },
                        "meta": {
                            "e2bfb730-ecaa-11e6-8f88-34363bc7c4c0": {
                                "delete": 600000000000
                            }
                        },
                        "tainted": false
                    },
                    "deposed": [],
                    "provider": "provider.aws"
                },
                "aws_autoscaling_group.dbserver-autoscaling-group": {
                    "type": "aws_autoscaling_group",
                    "depends_on": [
                        "aws_launch_configuration.dbserver-ecs-launch-configuration",
                        "aws_subnet.database-subnet",
                        "aws_subnet.database-subnet.1"
                    ],
                    "primary": {
                        "id": "dbserver-autoscaling-group",
                        "attributes": {
                            "arn": "arn:aws:autoscaling:eu-west-1:821581557109:autoScalingGroup:ff8aab96-4158-4227-bc55-7a945e68eec4:autoScalingGroupName/dbserver-autoscaling-group",
                            "availability_zones.#": "2",
                            "availability_zones.1924028850": "eu-west-1b",
                            "availability_zones.3953592328": "eu-west-1a",
                            "default_cooldown": "300",
                            "desired_capacity": "2",
                            "enabled_metrics.#": "0",
                            "force_delete": "false",
                            "health_check_grace_period": "300",
                            "health_check_type": "ELB",
                            "id": "dbserver-autoscaling-group",
                            "launch_configuration": "dbserver-ecs-launch-configuration",
                            "launch_template.#": "0",
                            "load_balancers.#": "0",
                            "max_size": "3",
                            "metrics_granularity": "1Minute",
                            "min_size": "1",
                            "name": "dbserver-autoscaling-group",
                            "placement_group": "",
                            "protect_from_scale_in": "false",
                            "service_linked_role_arn": "arn:aws:iam::821581557109:role/aws-service-role/autoscaling.amazonaws.com/AWSServiceRoleForAutoScaling",
                            "suspended_processes.#": "0",
                            "tag.#": "0",
                            "target_group_arns.#": "0",
                            "termination_policies.#": "0",
                            "vpc_zone_identifier.#": "2",
                            "vpc_zone_identifier.3566274312": "subnet-9d7c97c7",
                            "vpc_zone_identifier.925964433": "subnet-48238b2e",
                            "wait_for_capacity_timeout": "10m"
                        },
                        "meta": {
                            "e2bfb730-ecaa-11e6-8f88-34363bc7c4c0": {
                                "delete": 600000000000
                            }
                        },
                        "tainted": false
                    },
                    "deposed": [],
                    "provider": "provider.aws"
                },
                "aws_autoscaling_group.public-autoscaling-group": {
                    "type": "aws_autoscaling_group",
                    "depends_on": [
                        "aws_launch_configuration.webserver-ecs-launch-configuration",
                        "aws_subnet.public-subnet",
                        "aws_subnet.public-subnet.1"
                    ],
                    "primary": {
                        "id": "public-autoscaling-group",
                        "attributes": {
                            "arn": "arn:aws:autoscaling:eu-west-1:821581557109:autoScalingGroup:1caea854-a1cd-41d3-933b-f5cef0824f48:autoScalingGroupName/public-autoscaling-group",
                            "availability_zones.#": "2",
                            "availability_zones.1924028850": "eu-west-1b",
                            "availability_zones.3953592328": "eu-west-1a",
                            "default_cooldown": "300",
                            "desired_capacity": "2",
                            "enabled_metrics.#": "0",
                            "force_delete": "false",
                            "health_check_grace_period": "300",
                            "health_check_type": "ELB",
                            "id": "public-autoscaling-group",
                            "launch_configuration": "webserver-ecs-launch-configuration",
                            "launch_template.#": "0",
                            "load_balancers.#": "0",
                            "max_size": "3",
                            "metrics_granularity": "1Minute",
                            "min_size": "1",
                            "name": "public-autoscaling-group",
                            "placement_group": "",
                            "protect_from_scale_in": "false",
                            "service_linked_role_arn": "arn:aws:iam::821581557109:role/aws-service-role/autoscaling.amazonaws.com/AWSServiceRoleForAutoScaling",
                            "suspended_processes.#": "0",
                            "tag.#": "0",
                            "target_group_arns.#": "0",
                            "termination_policies.#": "0",
                            "vpc_zone_identifier.#": "2",
                            "vpc_zone_identifier.235910472": "subnet-9a3c94fc",
                            "vpc_zone_identifier.3867178064": "subnet-13709b49",
                            "wait_for_capacity_timeout": "10m"
                        },
                        "meta": {
                            "e2bfb730-ecaa-11e6-8f88-34363bc7c4c0": {
                                "delete": 600000000000
                            }
                        },
                        "tainted": false
                    },
                    "deposed": [],
                    "provider": "provider.aws"
                },
                "aws_ecs_cluster.appserver-ecs-cluster": {
                    "type": "aws_ecs_cluster",
                    "depends_on": [],
                    "primary": {
                        "id": "arn:aws:ecs:eu-west-1:821581557109:cluster/appserver-cluster",
                        "attributes": {
                            "arn": "arn:aws:ecs:eu-west-1:821581557109:cluster/appserver-cluster",
                            "id": "arn:aws:ecs:eu-west-1:821581557109:cluster/appserver-cluster",
                            "name": "appserver-cluster"
                        },
                        "meta": {},
                        "tainted": false
                    },
                    "deposed": [],
                    "provider": "provider.aws"
                },
                "aws_ecs_cluster.dbserver-ecs-cluster": {
                    "type": "aws_ecs_cluster",
                    "depends_on": [],
                    "primary": {
                        "id": "arn:aws:ecs:eu-west-1:821581557109:cluster/dbserver-cluster",
                        "attributes": {
                            "arn": "arn:aws:ecs:eu-west-1:821581557109:cluster/dbserver-cluster",
                            "id": "arn:aws:ecs:eu-west-1:821581557109:cluster/dbserver-cluster",
                            "name": "dbserver-cluster"
                        },
                        "meta": {},
                        "tainted": false
                    },
                    "deposed": [],
                    "provider": "provider.aws"
                },
                "aws_ecs_cluster.public-ecs-cluster": {
                    "type": "aws_ecs_cluster",
                    "depends_on": [],
                    "primary": {
                        "id": "arn:aws:ecs:eu-west-1:821581557109:cluster/public-cluster",
                        "attributes": {
                            "arn": "arn:aws:ecs:eu-west-1:821581557109:cluster/public-cluster",
                            "id": "arn:aws:ecs:eu-west-1:821581557109:cluster/public-cluster",
                            "name": "public-cluster"
                        },
                        "meta": {},
                        "tainted": false
                    },
                    "deposed": [],
                    "provider": "provider.aws"
                },
                "aws_ecs_service.mysql-server-service": {
                    "type": "aws_ecs_service",
                    "depends_on": [
                        "aws_alb_target_group.dbservers-ecs-target-group",
                        "aws_ecs_cluster.dbserver-ecs-cluster",
                        "aws_ecs_task_definition.mysql",
                        "aws_iam_role.ecs-service-role",
                        "data.aws_ecs_task_definition.mysql"
                    ],
                    "primary": {
                        "id": "arn:aws:ecs:eu-west-1:821581557109:service/mysql-server-service",
                        "attributes": {
                            "cluster": "arn:aws:ecs:eu-west-1:821581557109:cluster/dbserver-cluster",
                            "deployment_maximum_percent": "200",
                            "deployment_minimum_healthy_percent": "100",
                            "desired_count": "2",
                            "health_check_grace_period_seconds": "0",
                            "iam_role": "ecs-service-role",
                            "id": "arn:aws:ecs:eu-west-1:821581557109:service/mysql-server-service",
                            "launch_type": "EC2",
                            "load_balancer.#": "1",
                            "load_balancer.1754133961.container_name": "mysql",
                            "load_balancer.1754133961.container_port": "3306",
                            "load_balancer.1754133961.elb_name": "",
                            "load_balancer.1754133961.target_group_arn": "arn:aws:elasticloadbalancing:eu-west-1:821581557109:targetgroup/dbservers-ecs-target-group/102ed84a919c7874",
                            "name": "mysql-server-service",
                            "network_configuration.#": "0",
                            "ordered_placement_strategy.#": "0",
                            "placement_constraints.#": "0",
                            "service_registries.#": "0",
                            "task_definition": "mysql:1"
                        },
                        "meta": {},
                        "tainted": false
                    },
                    "deposed": [],
                    "provider": "provider.aws"
                },
                "aws_ecs_service.tomcat-server-service": {
                    "type": "aws_ecs_service",
                    "depends_on": [
                        "aws_alb_target_group.appservers-ecs-target-group",
                        "aws_ecs_cluster.appserver-ecs-cluster",
                        "aws_ecs_task_definition.tomcat",
                        "aws_iam_role.ecs-service-role",
                        "data.aws_ecs_task_definition.tomcat"
                    ],
                    "primary": {
                        "id": "arn:aws:ecs:eu-west-1:821581557109:service/tomcat-server-service",
                        "attributes": {
                            "cluster": "arn:aws:ecs:eu-west-1:821581557109:cluster/appserver-cluster",
                            "deployment_maximum_percent": "200",
                            "deployment_minimum_healthy_percent": "100",
                            "desired_count": "2",
                            "health_check_grace_period_seconds": "0",
                            "iam_role": "ecs-service-role",
                            "id": "arn:aws:ecs:eu-west-1:821581557109:service/tomcat-server-service",
                            "launch_type": "EC2",
                            "load_balancer.#": "1",
                            "load_balancer.2757091730.container_name": "tomcat-webserver",
                            "load_balancer.2757091730.container_port": "8080",
                            "load_balancer.2757091730.elb_name": "",
                            "load_balancer.2757091730.target_group_arn": "arn:aws:elasticloadbalancing:eu-west-1:821581557109:targetgroup/appservers-ecs-target-group/23b0fb6542034c9d",
                            "name": "tomcat-server-service",
                            "network_configuration.#": "0",
                            "ordered_placement_strategy.#": "0",
                            "placement_constraints.#": "0",
                            "service_registries.#": "0",
                            "task_definition": "tomcat:3"
                        },
                        "meta": {},
                        "tainted": false
                    },
                    "deposed": [],
                    "provider": "provider.aws"
                },
                "aws_ecs_service.web-server-service": {
                    "type": "aws_ecs_service",
                    "depends_on": [
                        "aws_alb_target_group.public-ecs-target-group",
                        "aws_ecs_cluster.public-ecs-cluster",
                        "aws_ecs_task_definition.nginx",
                        "aws_iam_role.ecs-service-role",
                        "data.aws_ecs_task_definition.nginx"
                    ],
                    "primary": {
                        "id": "arn:aws:ecs:eu-west-1:821581557109:service/web-server-service",
                        "attributes": {
                            "cluster": "arn:aws:ecs:eu-west-1:821581557109:cluster/public-cluster",
                            "deployment_maximum_percent": "200",
                            "deployment_minimum_healthy_percent": "100",
                            "desired_count": "2",
                            "health_check_grace_period_seconds": "0",
                            "iam_role": "ecs-service-role",
                            "id": "arn:aws:ecs:eu-west-1:821581557109:service/web-server-service",
                            "launch_type": "EC2",
                            "load_balancer.#": "1",
                            "load_balancer.495363157.container_name": "nginx",
                            "load_balancer.495363157.container_port": "80",
                            "load_balancer.495363157.elb_name": "",
                            "load_balancer.495363157.target_group_arn": "arn:aws:elasticloadbalancing:eu-west-1:821581557109:targetgroup/public-ecs-target-group/16774d287c45ce16",
                            "name": "web-server-service",
                            "network_configuration.#": "0",
                            "ordered_placement_strategy.#": "0",
                            "placement_constraints.#": "0",
                            "service_registries.#": "0",
                            "task_definition": "nginx:3"
                        },
                        "meta": {},
                        "tainted": false
                    },
                    "deposed": [],
                    "provider": "provider.aws"
                },
                "aws_ecs_task_definition.mysql": {
                    "type": "aws_ecs_task_definition",
                    "depends_on": [
                        "aws_ecs_task_definition.mysql"
                    ],
                    "primary": {
                        "id": "mysql",
                        "attributes": {
                            "arn": "arn:aws:ecs:eu-west-1:821581557109:task-definition/mysql:1",
                            "container_definitions": "[{\"cpu\":256,\"environment\":[{\"name\":\"MYSQL_ROOT_PASSWORD\",\"value\":\"password\"}],\"essential\":true,\"image\":\"mysql\",\"memory\":256,\"mountPoints\":[],\"name\":\"mysql\",\"portMappings\":[{\"containerPort\":3306,\"hostPort\":3306,\"protocol\":\"tcp\"}],\"volumesFrom\":[]}]",
                            "cpu": "",
                            "execution_role_arn": "",
                            "family": "mysql",
                            "id": "mysql",
                            "memory": "",
                            "network_mode": "",
                            "placement_constraints.#": "0",
                            "requires_compatibilities.#": "0",
                            "revision": "1",
                            "task_role_arn": "",
                            "volume.#": "0"
                        },
                        "meta": {
                            "schema_version": "1"
                        },
                        "tainted": false
                    },
                    "deposed": [],
                    "provider": "provider.aws"
                },
                "aws_ecs_task_definition.nginx": {
                    "type": "aws_ecs_task_definition",
                    "depends_on": [],
                    "primary": {
                        "id": "nginx",
                        "attributes": {
                            "arn": "arn:aws:ecs:eu-west-1:821581557109:task-definition/nginx:3",
                            "container_definitions": "[{\"cpu\":256,\"environment\":[],\"essential\":true,\"image\":\"nginx:latest\",\"memory\":256,\"mountPoints\":[],\"name\":\"nginx\",\"portMappings\":[{\"containerPort\":80,\"hostPort\":80,\"protocol\":\"tcp\"}],\"volumesFrom\":[]}]",
                            "cpu": "",
                            "execution_role_arn": "",
                            "family": "nginx",
                            "id": "nginx",
                            "memory": "",
                            "network_mode": "",
                            "placement_constraints.#": "0",
                            "requires_compatibilities.#": "0",
                            "revision": "3",
                            "task_role_arn": "",
                            "volume.#": "0"
                        },
                        "meta": {
                            "schema_version": "1"
                        },
                        "tainted": false
                    },
                    "deposed": [],
                    "provider": "provider.aws"
                },
                "aws_ecs_task_definition.tomcat": {
                    "type": "aws_ecs_task_definition",
                    "depends_on": [],
                    "primary": {
                        "id": "tomcat",
                        "attributes": {
                            "arn": "arn:aws:ecs:eu-west-1:821581557109:task-definition/tomcat:3",
                            "container_definitions": "[{\"cpu\":256,\"environment\":[],\"essential\":true,\"image\":\"tomcat\",\"memory\":256,\"mountPoints\":[],\"name\":\"tomcat-webserver\",\"portMappings\":[{\"containerPort\":8080,\"hostPort\":8080,\"protocol\":\"tcp\"}],\"volumesFrom\":[]}]",
                            "cpu": "",
                            "execution_role_arn": "",
                            "family": "tomcat",
                            "id": "tomcat",
                            "memory": "",
                            "network_mode": "",
                            "placement_constraints.#": "0",
                            "requires_compatibilities.#": "0",
                            "revision": "3",
                            "task_role_arn": "",
                            "volume.#": "0"
                        },
                        "meta": {
                            "schema_version": "1"
                        },
                        "tainted": false
                    },
                    "deposed": [],
                    "provider": "provider.aws"
                },
                "aws_eip.ngw-eip": {
                    "type": "aws_eip",
                    "depends_on": [],
                    "primary": {
                        "id": "eipalloc-bbdba986",
                        "attributes": {
                            "association_id": "eipassoc-8bb07451",
                            "domain": "vpc",
                            "id": "eipalloc-bbdba986",
                            "instance": "",
                            "network_interface": "eni-c1bf9fc5",
                            "private_ip": "192.168.101.59",
                            "public_ip": "52.31.188.146",
                            "tags.%": "0",
                            "vpc": "true"
                        },
                        "meta": {
                            "e2bfb730-ecaa-11e6-8f88-34363bc7c4c0": {
                                "delete": 180000000000,
                                "read": 900000000000,
                                "update": 300000000000
                            }
                        },
                        "tainted": false
                    },
                    "deposed": [],
                    "provider": "provider.aws"
                },
                "aws_iam_instance_profile.ecs-instance-profile": {
                    "type": "aws_iam_instance_profile",
                    "depends_on": [
                        "aws_iam_role.ecs-instance-role"
                    ],
                    "primary": {
                        "id": "ecs-instance-profile",
                        "attributes": {
                            "arn": "arn:aws:iam::821581557109:instance-profile/ecs-instance-profile",
                            "id": "ecs-instance-profile",
                            "name": "ecs-instance-profile",
                            "path": "/",
                            "role": "ecs-instance-role",
                            "roles.#": "1",
                            "roles.3231179920": "ecs-instance-role",
                            "unique_id": "AIPAJIOOW3FHBMCB4F6NE"
                        },
                        "meta": {},
                        "tainted": false
                    },
                    "deposed": [],
                    "provider": "provider.aws"
                },
                "aws_iam_role.ecs-instance-role": {
                    "type": "aws_iam_role",
                    "depends_on": [
                        "data.aws_iam_policy_document.ecs-instance-policy"
                    ],
                    "primary": {
                        "id": "ecs-instance-role",
                        "attributes": {
                            "arn": "arn:aws:iam::821581557109:role/ecs-instance-role",
                            "assume_role_policy": "{\"Version\":\"2012-10-17\",\"Statement\":[{\"Sid\":\"\",\"Effect\":\"Allow\",\"Principal\":{\"Service\":\"ec2.amazonaws.com\"},\"Action\":\"sts:AssumeRole\"}]}",
                            "create_date": "2018-05-12T08:49:56Z",
                            "force_detach_policies": "false",
                            "id": "ecs-instance-role",
                            "max_session_duration": "3600",
                            "name": "ecs-instance-role",
                            "path": "/",
                            "unique_id": "AROAJWOVE3TXC2B5QA362"
                        },
                        "meta": {},
                        "tainted": false
                    },
                    "deposed": [],
                    "provider": "provider.aws"
                },
                "aws_iam_role.ecs-service-role": {
                    "type": "aws_iam_role",
                    "depends_on": [
                        "data.aws_iam_policy_document.ecs-service-policy"
                    ],
                    "primary": {
                        "id": "ecs-service-role",
                        "attributes": {
                            "arn": "arn:aws:iam::821581557109:role/ecs-service-role",
                            "assume_role_policy": "{\"Version\":\"2012-10-17\",\"Statement\":[{\"Sid\":\"\",\"Effect\":\"Allow\",\"Principal\":{\"Service\":\"ecs.amazonaws.com\"},\"Action\":\"sts:AssumeRole\"}]}",
                            "create_date": "2018-05-12T08:49:56Z",
                            "force_detach_policies": "false",
                            "id": "ecs-service-role",
                            "max_session_duration": "3600",
                            "name": "ecs-service-role",
                            "path": "/",
                            "unique_id": "AROAJYX32VIZFFEXUHXLI"
                        },
                        "meta": {},
                        "tainted": false
                    },
                    "deposed": [],
                    "provider": "provider.aws"
                },
                "aws_iam_role_policy_attachment.ecs-instance-role-attachment": {
                    "type": "aws_iam_role_policy_attachment",
                    "depends_on": [
                        "aws_iam_role.ecs-instance-role"
                    ],
                    "primary": {
                        "id": "ecs-instance-role-20180512084958967000000001",
                        "attributes": {
                            "id": "ecs-instance-role-20180512084958967000000001",
                            "policy_arn": "arn:aws:iam::aws:policy/service-role/AmazonEC2ContainerServiceforEC2Role",
                            "role": "ecs-instance-role"
                        },
                        "meta": {},
                        "tainted": false
                    },
                    "deposed": [],
                    "provider": "provider.aws"
                },
                "aws_iam_role_policy_attachment.ecs-service-role-attachment": {
                    "type": "aws_iam_role_policy_attachment",
                    "depends_on": [
                        "aws_iam_role.ecs-service-role"
                    ],
                    "primary": {
                        "id": "ecs-service-role-20180512084959055300000002",
                        "attributes": {
                            "id": "ecs-service-role-20180512084959055300000002",
                            "policy_arn": "arn:aws:iam::aws:policy/service-role/AmazonEC2ContainerServiceRole",
                            "role": "ecs-service-role"
                        },
                        "meta": {},
                        "tainted": false
                    },
                    "deposed": [],
                    "provider": "provider.aws"
                },
                "aws_internet_gateway.igw": {
                    "type": "aws_internet_gateway",
                    "depends_on": [
                        "aws_vpc.vpc"
                    ],
                    "primary": {
                        "id": "igw-59403c3e",
                        "attributes": {
                            "id": "igw-59403c3e",
                            "tags.%": "1",
                            "tags.Name": "igw",
                            "vpc_id": "vpc-3ecaa458"
                        },
                        "meta": {},
                        "tainted": false
                    },
                    "deposed": [],
                    "provider": "provider.aws"
                },
                "aws_launch_configuration.appserver-ecs-launch-configuration": {
                    "type": "aws_launch_configuration",
                    "depends_on": [
                        "aws_iam_instance_profile.ecs-instance-profile",
                        "aws_security_group.appserver-sg"
                    ],
                    "primary": {
                        "id": "appserver-ecs-launch-configuration",
                        "attributes": {
                            "associate_public_ip_address": "true",
                            "ebs_block_device.#": "0",
                            "ebs_optimized": "false",
                            "enable_monitoring": "true",
                            "ephemeral_block_device.#": "0",
                            "iam_instance_profile": "ecs-instance-profile",
                            "id": "appserver-ecs-launch-configuration",
                            "image_id": "ami-2d386654",
                            "instance_type": "t2.micro",
                            "key_name": "KP124",
                            "name": "appserver-ecs-launch-configuration",
                            "root_block_device.#": "1",
                            "root_block_device.0.delete_on_termination": "true",
                            "root_block_device.0.iops": "0",
                            "root_block_device.0.volume_size": "100",
                            "root_block_device.0.volume_type": "standard",
                            "security_groups.#": "1",
                            "security_groups.1095132980": "sg-2bc77b56",
                            "spot_price": "",
                            "user_data": "a535fb216544413a3528ed777ead583a2b45b503",
                            "vpc_classic_link_id": "",
                            "vpc_classic_link_security_groups.#": "0"
                        },
                        "meta": {},
                        "tainted": false
                    },
                    "deposed": [],
                    "provider": "provider.aws"
                },
                "aws_launch_configuration.dbserver-ecs-launch-configuration": {
                    "type": "aws_launch_configuration",
                    "depends_on": [
                        "aws_iam_instance_profile.ecs-instance-profile",
                        "aws_security_group.dbserver-sg"
                    ],
                    "primary": {
                        "id": "dbserver-ecs-launch-configuration",
                        "attributes": {
                            "associate_public_ip_address": "true",
                            "ebs_block_device.#": "0",
                            "ebs_optimized": "false",
                            "enable_monitoring": "true",
                            "ephemeral_block_device.#": "0",
                            "iam_instance_profile": "ecs-instance-profile",
                            "id": "dbserver-ecs-launch-configuration",
                            "image_id": "ami-2d386654",
                            "instance_type": "t2.micro",
                            "key_name": "KP124",
                            "name": "dbserver-ecs-launch-configuration",
                            "root_block_device.#": "1",
                            "root_block_device.0.delete_on_termination": "true",
                            "root_block_device.0.iops": "0",
                            "root_block_device.0.volume_size": "100",
                            "root_block_device.0.volume_type": "standard",
                            "security_groups.#": "1",
                            "security_groups.1458278707": "sg-7cc57901",
                            "spot_price": "",
                            "user_data": "5686ed83dcce1ea664cabbda086879d5c924c210",
                            "vpc_classic_link_id": "",
                            "vpc_classic_link_security_groups.#": "0"
                        },
                        "meta": {},
                        "tainted": false
                    },
                    "deposed": [],
                    "provider": "provider.aws"
                },
                "aws_launch_configuration.webserver-ecs-launch-configuration": {
                    "type": "aws_launch_configuration",
                    "depends_on": [
                        "aws_iam_instance_profile.ecs-instance-profile",
                        "aws_security_group.webserver-sg"
                    ],
                    "primary": {
                        "id": "webserver-ecs-launch-configuration",
                        "attributes": {
                            "associate_public_ip_address": "true",
                            "ebs_block_device.#": "0",
                            "ebs_optimized": "false",
                            "enable_monitoring": "true",
                            "ephemeral_block_device.#": "0",
                            "iam_instance_profile": "ecs-instance-profile",
                            "id": "webserver-ecs-launch-configuration",
                            "image_id": "ami-2d386654",
                            "instance_type": "t2.micro",
                            "key_name": "KP124",
                            "name": "webserver-ecs-launch-configuration",
                            "root_block_device.#": "1",
                            "root_block_device.0.delete_on_termination": "true",
                            "root_block_device.0.iops": "0",
                            "root_block_device.0.volume_size": "100",
                            "root_block_device.0.volume_type": "standard",
                            "security_groups.#": "1",
                            "security_groups.3542165066": "sg-e1cf739c",
                            "spot_price": "",
                            "user_data": "84e10f68c7802e529f5bb6889766673d8716836a",
                            "vpc_classic_link_id": "",
                            "vpc_classic_link_security_groups.#": "0"
                        },
                        "meta": {},
                        "tainted": false
                    },
                    "deposed": [],
                    "provider": "provider.aws"
                },
                "aws_nat_gateway.ngw": {
                    "type": "aws_nat_gateway",
                    "depends_on": [
                        "aws_eip.ngw-eip",
                        "aws_subnet.public-subnet.*"
                    ],
                    "primary": {
                        "id": "nat-064ba638240da7260",
                        "attributes": {
                            "allocation_id": "eipalloc-bbdba986",
                            "id": "nat-064ba638240da7260",
                            "network_interface_id": "eni-c1bf9fc5",
                            "private_ip": "192.168.101.59",
                            "public_ip": "52.31.188.146",
                            "subnet_id": "subnet-13709b49",
                            "tags.%": "1",
                            "tags.Name": "ngw"
                        },
                        "meta": {},
                        "tainted": false
                    },
                    "deposed": [],
                    "provider": "provider.aws"
                },
                "aws_route.private-route": {
                    "type": "aws_route",
                    "depends_on": [
                        "aws_nat_gateway.ngw",
                        "aws_route_table.private-route-table"
                    ],
                    "primary": {
                        "id": "r-rtb-94c549ed1080289494",
                        "attributes": {
                            "destination_cidr_block": "0.0.0.0/0",
                            "destination_prefix_list_id": "",
                            "egress_only_gateway_id": "",
                            "gateway_id": "",
                            "id": "r-rtb-94c549ed1080289494",
                            "instance_id": "",
                            "instance_owner_id": "",
                            "nat_gateway_id": "nat-064ba638240da7260",
                            "network_interface_id": "",
                            "origin": "CreateRoute",
                            "route_table_id": "rtb-94c549ed",
                            "state": "active",
                            "vpc_peering_connection_id": ""
                        },
                        "meta": {
                            "e2bfb730-ecaa-11e6-8f88-34363bc7c4c0": {
                                "create": 120000000000,
                                "delete": 300000000000
                            }
                        },
                        "tainted": false
                    },
                    "deposed": [],
                    "provider": "provider.aws"
                },
                "aws_route_table.private-route-table": {
                    "type": "aws_route_table",
                    "depends_on": [
                        "aws_vpc.vpc"
                    ],
                    "primary": {
                        "id": "rtb-94c549ed",
                        "attributes": {
                            "id": "rtb-94c549ed",
                            "propagating_vgws.#": "0",
                            "route.#": "1",
                            "route.3875284597.cidr_block": "0.0.0.0/0",
                            "route.3875284597.egress_only_gateway_id": "",
                            "route.3875284597.gateway_id": "",
                            "route.3875284597.instance_id": "",
                            "route.3875284597.ipv6_cidr_block": "",
                            "route.3875284597.nat_gateway_id": "nat-064ba638240da7260",
                            "route.3875284597.network_interface_id": "",
                            "route.3875284597.vpc_peering_connection_id": "",
                            "tags.%": "1",
                            "tags.Name": "private-route-table",
                            "vpc_id": "vpc-3ecaa458"
                        },
                        "meta": {},
                        "tainted": false
                    },
                    "deposed": [],
                    "provider": "provider.aws"
                },
                "aws_route_table.public-route-table": {
                    "type": "aws_route_table",
                    "depends_on": [
                        "aws_internet_gateway.igw",
                        "aws_vpc.vpc"
                    ],
                    "primary": {
                        "id": "rtb-5fcb4726",
                        "attributes": {
                            "id": "rtb-5fcb4726",
                            "propagating_vgws.#": "0",
                            "route.#": "1",
                            "route.1043012661.cidr_block": "0.0.0.0/0",
                            "route.1043012661.egress_only_gateway_id": "",
                            "route.1043012661.gateway_id": "igw-59403c3e",
                            "route.1043012661.instance_id": "",
                            "route.1043012661.ipv6_cidr_block": "",
                            "route.1043012661.nat_gateway_id": "",
                            "route.1043012661.network_interface_id": "",
                            "route.1043012661.vpc_peering_connection_id": "",
                            "tags.%": "1",
                            "tags.Name": "public-route-table",
                            "vpc_id": "vpc-3ecaa458"
                        },
                        "meta": {},
                        "tainted": false
                    },
                    "deposed": [],
                    "provider": "provider.aws"
                },
                "aws_route_table_association.database-route-table-assoc.0": {
                    "type": "aws_route_table_association",
                    "depends_on": [
                        "aws_route_table.private-route-table",
                        "aws_subnet.database-subnet.*"
                    ],
                    "primary": {
                        "id": "rtbassoc-70a39608",
                        "attributes": {
                            "id": "rtbassoc-70a39608",
                            "route_table_id": "rtb-94c549ed",
                            "subnet_id": "subnet-9d7c97c7"
                        },
                        "meta": {},
                        "tainted": false
                    },
                    "deposed": [],
                    "provider": "provider.aws"
                },
                "aws_route_table_association.database-route-table-assoc.1": {
                    "type": "aws_route_table_association",
                    "depends_on": [
                        "aws_route_table.private-route-table",
                        "aws_subnet.database-subnet.*"
                    ],
                    "primary": {
                        "id": "rtbassoc-27a6935f",
                        "attributes": {
                            "id": "rtbassoc-27a6935f",
                            "route_table_id": "rtb-94c549ed",
                            "subnet_id": "subnet-48238b2e"
                        },
                        "meta": {},
                        "tainted": false
                    },
                    "deposed": [],
                    "provider": "provider.aws"
                },
                "aws_route_table_association.private-route-table-assoc.0": {
                    "type": "aws_route_table_association",
                    "depends_on": [
                        "aws_route_table.private-route-table",
                        "aws_subnet.private-subnet.*"
                    ],
                    "primary": {
                        "id": "rtbassoc-e8a99c90",
                        "attributes": {
                            "id": "rtbassoc-e8a99c90",
                            "route_table_id": "rtb-94c549ed",
                            "subnet_id": "subnet-bf779ce5"
                        },
                        "meta": {},
                        "tainted": false
                    },
                    "deposed": [],
                    "provider": "provider.aws"
                },
                "aws_route_table_association.private-route-table-assoc.1": {
                    "type": "aws_route_table_association",
                    "depends_on": [
                        "aws_route_table.private-route-table",
                        "aws_subnet.private-subnet.*"
                    ],
                    "primary": {
                        "id": "rtbassoc-39a59041",
                        "attributes": {
                            "id": "rtbassoc-39a59041",
                            "route_table_id": "rtb-94c549ed",
                            "subnet_id": "subnet-ca2f87ac"
                        },
                        "meta": {},
                        "tainted": false
                    },
                    "deposed": [],
                    "provider": "provider.aws"
                },
                "aws_route_table_association.public-route-table-assoc.0": {
                    "type": "aws_route_table_association",
                    "depends_on": [
                        "aws_route_table.public-route-table",
                        "aws_subnet.public-subnet.*"
                    ],
                    "primary": {
                        "id": "rtbassoc-55a99c2d",
                        "attributes": {
                            "id": "rtbassoc-55a99c2d",
                            "route_table_id": "rtb-5fcb4726",
                            "subnet_id": "subnet-13709b49"
                        },
                        "meta": {},
                        "tainted": false
                    },
                    "deposed": [],
                    "provider": "provider.aws"
                },
                "aws_route_table_association.public-route-table-assoc.1": {
                    "type": "aws_route_table_association",
                    "depends_on": [
                        "aws_route_table.public-route-table",
                        "aws_subnet.public-subnet.*"
                    ],
                    "primary": {
                        "id": "rtbassoc-6aae9b12",
                        "attributes": {
                            "id": "rtbassoc-6aae9b12",
                            "route_table_id": "rtb-5fcb4726",
                            "subnet_id": "subnet-9a3c94fc"
                        },
                        "meta": {},
                        "tainted": false
                    },
                    "deposed": [],
                    "provider": "provider.aws"
                },
                "aws_security_group.appserver-sg": {
                    "type": "aws_security_group",
                    "depends_on": [
                        "aws_vpc.vpc"
                    ],
                    "primary": {
                        "id": "sg-2bc77b56",
                        "attributes": {
                            "arn": "arn:aws:ec2:eu-west-1:821581557109:security-group/sg-2bc77b56",
                            "description": "Security Group for application servers",
                            "egress.#": "4",
                            "egress.1163740523.cidr_blocks.#": "1",
                            "egress.1163740523.cidr_blocks.0": "0.0.0.0/0",
                            "egress.1163740523.description": "",
                            "egress.1163740523.from_port": "3306",
                            "egress.1163740523.ipv6_cidr_blocks.#": "0",
                            "egress.1163740523.prefix_list_ids.#": "0",
                            "egress.1163740523.protocol": "tcp",
                            "egress.1163740523.security_groups.#": "0",
                            "egress.1163740523.self": "false",
                            "egress.1163740523.to_port": "3306",
                            "egress.1593516594.cidr_blocks.#": "1",
                            "egress.1593516594.cidr_blocks.0": "0.0.0.0/0",
                            "egress.1593516594.description": "",
                            "egress.1593516594.from_port": "1433",
                            "egress.1593516594.ipv6_cidr_blocks.#": "0",
                            "egress.1593516594.prefix_list_ids.#": "0",
                            "egress.1593516594.protocol": "tcp",
                            "egress.1593516594.security_groups.#": "0",
                            "egress.1593516594.self": "false",
                            "egress.1593516594.to_port": "1433",
                            "egress.2214680975.cidr_blocks.#": "1",
                            "egress.2214680975.cidr_blocks.0": "0.0.0.0/0",
                            "egress.2214680975.description": "",
                            "egress.2214680975.from_port": "80",
                            "egress.2214680975.ipv6_cidr_blocks.#": "0",
                            "egress.2214680975.prefix_list_ids.#": "0",
                            "egress.2214680975.protocol": "tcp",
                            "egress.2214680975.security_groups.#": "0",
                            "egress.2214680975.self": "false",
                            "egress.2214680975.to_port": "80",
                            "egress.2617001939.cidr_blocks.#": "1",
                            "egress.2617001939.cidr_blocks.0": "0.0.0.0/0",
                            "egress.2617001939.description": "",
                            "egress.2617001939.from_port": "443",
                            "egress.2617001939.ipv6_cidr_blocks.#": "0",
                            "egress.2617001939.prefix_list_ids.#": "0",
                            "egress.2617001939.protocol": "tcp",
                            "egress.2617001939.security_groups.#": "0",
                            "egress.2617001939.self": "false",
                            "egress.2617001939.to_port": "443",
                            "id": "sg-2bc77b56",
                            "ingress.#": "4",
                            "ingress.2214680975.cidr_blocks.#": "1",
                            "ingress.2214680975.cidr_blocks.0": "0.0.0.0/0",
                            "ingress.2214680975.description": "",
                            "ingress.2214680975.from_port": "80",
                            "ingress.2214680975.ipv6_cidr_blocks.#": "0",
                            "ingress.2214680975.protocol": "tcp",
                            "ingress.2214680975.security_groups.#": "0",
                            "ingress.2214680975.self": "false",
                            "ingress.2214680975.to_port": "80",
                            "ingress.2223400681.cidr_blocks.#": "1",
                            "ingress.2223400681.cidr_blocks.0": "0.0.0.0/0",
                            "ingress.2223400681.description": "",
                            "ingress.2223400681.from_port": "3389",
                            "ingress.2223400681.ipv6_cidr_blocks.#": "0",
                            "ingress.2223400681.protocol": "tcp",
                            "ingress.2223400681.security_groups.#": "0",
                            "ingress.2223400681.self": "false",
                            "ingress.2223400681.to_port": "3389",
                            "ingress.2541437006.cidr_blocks.#": "1",
                            "ingress.2541437006.cidr_blocks.0": "0.0.0.0/0",
                            "ingress.2541437006.description": "",
                            "ingress.2541437006.from_port": "22",
                            "ingress.2541437006.ipv6_cidr_blocks.#": "0",
                            "ingress.2541437006.protocol": "tcp",
                            "ingress.2541437006.security_groups.#": "0",
                            "ingress.2541437006.self": "false",
                            "ingress.2541437006.to_port": "22",
                            "ingress.2617001939.cidr_blocks.#": "1",
                            "ingress.2617001939.cidr_blocks.0": "0.0.0.0/0",
                            "ingress.2617001939.description": "",
                            "ingress.2617001939.from_port": "443",
                            "ingress.2617001939.ipv6_cidr_blocks.#": "0",
                            "ingress.2617001939.protocol": "tcp",
                            "ingress.2617001939.security_groups.#": "0",
                            "ingress.2617001939.self": "false",
                            "ingress.2617001939.to_port": "443",
                            "name": "appserver-sg",
                            "owner_id": "821581557109",
                            "revoke_rules_on_delete": "false",
                            "tags.%": "0",
                            "vpc_id": "vpc-3ecaa458"
                        },
                        "meta": {
                            "e2bfb730-ecaa-11e6-8f88-34363bc7c4c0": {
                                "create": 600000000000,
                                "delete": 600000000000
                            },
                            "schema_version": "1"
                        },
                        "tainted": false
                    },
                    "deposed": [],
                    "provider": "provider.aws"
                },
                "aws_security_group.appservers-alb-sg": {
                    "type": "aws_security_group",
                    "depends_on": [
                        "aws_vpc.vpc"
                    ],
                    "primary": {
                        "id": "sg-12c27e6f",
                        "attributes": {
                            "arn": "arn:aws:ec2:eu-west-1:821581557109:security-group/sg-12c27e6f",
                            "description": "Security Group for app servers ALB",
                            "egress.#": "1",
                            "egress.482069346.cidr_blocks.#": "1",
                            "egress.482069346.cidr_blocks.0": "0.0.0.0/0",
                            "egress.482069346.description": "",
                            "egress.482069346.from_port": "0",
                            "egress.482069346.ipv6_cidr_blocks.#": "0",
                            "egress.482069346.prefix_list_ids.#": "0",
                            "egress.482069346.protocol": "-1",
                            "egress.482069346.security_groups.#": "0",
                            "egress.482069346.self": "false",
                            "egress.482069346.to_port": "0",
                            "id": "sg-12c27e6f",
                            "ingress.#": "1",
                            "ingress.482069346.cidr_blocks.#": "1",
                            "ingress.482069346.cidr_blocks.0": "0.0.0.0/0",
                            "ingress.482069346.description": "",
                            "ingress.482069346.from_port": "0",
                            "ingress.482069346.ipv6_cidr_blocks.#": "0",
                            "ingress.482069346.protocol": "-1",
                            "ingress.482069346.security_groups.#": "0",
                            "ingress.482069346.self": "false",
                            "ingress.482069346.to_port": "0",
                            "name": "appservers-alb-sg",
                            "owner_id": "821581557109",
                            "revoke_rules_on_delete": "false",
                            "tags.%": "1",
                            "tags.Name": "appservers-alb-sg",
                            "vpc_id": "vpc-3ecaa458"
                        },
                        "meta": {
                            "e2bfb730-ecaa-11e6-8f88-34363bc7c4c0": {
                                "create": 600000000000,
                                "delete": 600000000000
                            },
                            "schema_version": "1"
                        },
                        "tainted": false
                    },
                    "deposed": [],
                    "provider": "provider.aws"
                },
                "aws_security_group.dbserver-sg": {
                    "type": "aws_security_group",
                    "depends_on": [
                        "aws_vpc.vpc"
                    ],
                    "primary": {
                        "id": "sg-7cc57901",
                        "attributes": {
                            "arn": "arn:aws:ec2:eu-west-1:821581557109:security-group/sg-7cc57901",
                            "description": "Security Group for database servers",
                            "egress.#": "2",
                            "egress.2214680975.cidr_blocks.#": "1",
                            "egress.2214680975.cidr_blocks.0": "0.0.0.0/0",
                            "egress.2214680975.description": "",
                            "egress.2214680975.from_port": "80",
                            "egress.2214680975.ipv6_cidr_blocks.#": "0",
                            "egress.2214680975.prefix_list_ids.#": "0",
                            "egress.2214680975.protocol": "tcp",
                            "egress.2214680975.security_groups.#": "0",
                            "egress.2214680975.self": "false",
                            "egress.2214680975.to_port": "80",
                            "egress.2617001939.cidr_blocks.#": "1",
                            "egress.2617001939.cidr_blocks.0": "0.0.0.0/0",
                            "egress.2617001939.description": "",
                            "egress.2617001939.from_port": "443",
                            "egress.2617001939.ipv6_cidr_blocks.#": "0",
                            "egress.2617001939.prefix_list_ids.#": "0",
                            "egress.2617001939.protocol": "tcp",
                            "egress.2617001939.security_groups.#": "0",
                            "egress.2617001939.self": "false",
                            "egress.2617001939.to_port": "443",
                            "id": "sg-7cc57901",
                            "ingress.#": "4",
                            "ingress.1163740523.cidr_blocks.#": "1",
                            "ingress.1163740523.cidr_blocks.0": "0.0.0.0/0",
                            "ingress.1163740523.description": "",
                            "ingress.1163740523.from_port": "3306",
                            "ingress.1163740523.ipv6_cidr_blocks.#": "0",
                            "ingress.1163740523.protocol": "tcp",
                            "ingress.1163740523.security_groups.#": "0",
                            "ingress.1163740523.self": "false",
                            "ingress.1163740523.to_port": "3306",
                            "ingress.1593516594.cidr_blocks.#": "1",
                            "ingress.1593516594.cidr_blocks.0": "0.0.0.0/0",
                            "ingress.1593516594.description": "",
                            "ingress.1593516594.from_port": "1433",
                            "ingress.1593516594.ipv6_cidr_blocks.#": "0",
                            "ingress.1593516594.protocol": "tcp",
                            "ingress.1593516594.security_groups.#": "0",
                            "ingress.1593516594.self": "false",
                            "ingress.1593516594.to_port": "1433",
                            "ingress.2223400681.cidr_blocks.#": "1",
                            "ingress.2223400681.cidr_blocks.0": "0.0.0.0/0",
                            "ingress.2223400681.description": "",
                            "ingress.2223400681.from_port": "3389",
                            "ingress.2223400681.ipv6_cidr_blocks.#": "0",
                            "ingress.2223400681.protocol": "tcp",
                            "ingress.2223400681.security_groups.#": "0",
                            "ingress.2223400681.self": "false",
                            "ingress.2223400681.to_port": "3389",
                            "ingress.2541437006.cidr_blocks.#": "1",
                            "ingress.2541437006.cidr_blocks.0": "0.0.0.0/0",
                            "ingress.2541437006.description": "",
                            "ingress.2541437006.from_port": "22",
                            "ingress.2541437006.ipv6_cidr_blocks.#": "0",
                            "ingress.2541437006.protocol": "tcp",
                            "ingress.2541437006.security_groups.#": "0",
                            "ingress.2541437006.self": "false",
                            "ingress.2541437006.to_port": "22",
                            "name": "dbserver-sg",
                            "owner_id": "821581557109",
                            "revoke_rules_on_delete": "false",
                            "tags.%": "0",
                            "vpc_id": "vpc-3ecaa458"
                        },
                        "meta": {
                            "e2bfb730-ecaa-11e6-8f88-34363bc7c4c0": {
                                "create": 600000000000,
                                "delete": 600000000000
                            },
                            "schema_version": "1"
                        },
                        "tainted": false
                    },
                    "deposed": [],
                    "provider": "provider.aws"
                },
                "aws_security_group.dbservers-alb-sg": {
                    "type": "aws_security_group",
                    "depends_on": [
                        "aws_vpc.vpc"
                    ],
                    "primary": {
                        "id": "sg-bdd36fc0",
                        "attributes": {
                            "arn": "arn:aws:ec2:eu-west-1:821581557109:security-group/sg-bdd36fc0",
                            "description": "Security Group for db servers ALB",
                            "egress.#": "1",
                            "egress.482069346.cidr_blocks.#": "1",
                            "egress.482069346.cidr_blocks.0": "0.0.0.0/0",
                            "egress.482069346.description": "",
                            "egress.482069346.from_port": "0",
                            "egress.482069346.ipv6_cidr_blocks.#": "0",
                            "egress.482069346.prefix_list_ids.#": "0",
                            "egress.482069346.protocol": "-1",
                            "egress.482069346.security_groups.#": "0",
                            "egress.482069346.self": "false",
                            "egress.482069346.to_port": "0",
                            "id": "sg-bdd36fc0",
                            "ingress.#": "1",
                            "ingress.482069346.cidr_blocks.#": "1",
                            "ingress.482069346.cidr_blocks.0": "0.0.0.0/0",
                            "ingress.482069346.description": "",
                            "ingress.482069346.from_port": "0",
                            "ingress.482069346.ipv6_cidr_blocks.#": "0",
                            "ingress.482069346.protocol": "-1",
                            "ingress.482069346.security_groups.#": "0",
                            "ingress.482069346.self": "false",
                            "ingress.482069346.to_port": "0",
                            "name": "dbservers-alb-sg",
                            "owner_id": "821581557109",
                            "revoke_rules_on_delete": "false",
                            "tags.%": "1",
                            "tags.Name": "dbservers-alb-sg",
                            "vpc_id": "vpc-3ecaa458"
                        },
                        "meta": {
                            "e2bfb730-ecaa-11e6-8f88-34363bc7c4c0": {
                                "create": 600000000000,
                                "delete": 600000000000
                            },
                            "schema_version": "1"
                        },
                        "tainted": false
                    },
                    "deposed": [],
                    "provider": "provider.aws"
                },
                "aws_security_group.public-alb-sg": {
                    "type": "aws_security_group",
                    "depends_on": [
                        "aws_vpc.vpc"
                    ],
                    "primary": {
                        "id": "sg-f0c67a8d",
                        "attributes": {
                            "arn": "arn:aws:ec2:eu-west-1:821581557109:security-group/sg-f0c67a8d",
                            "description": "Security Group for public ALB",
                            "egress.#": "1",
                            "egress.482069346.cidr_blocks.#": "1",
                            "egress.482069346.cidr_blocks.0": "0.0.0.0/0",
                            "egress.482069346.description": "",
                            "egress.482069346.from_port": "0",
                            "egress.482069346.ipv6_cidr_blocks.#": "0",
                            "egress.482069346.prefix_list_ids.#": "0",
                            "egress.482069346.protocol": "-1",
                            "egress.482069346.security_groups.#": "0",
                            "egress.482069346.self": "false",
                            "egress.482069346.to_port": "0",
                            "id": "sg-f0c67a8d",
                            "ingress.#": "4",
                            "ingress.2214680975.cidr_blocks.#": "1",
                            "ingress.2214680975.cidr_blocks.0": "0.0.0.0/0",
                            "ingress.2214680975.description": "",
                            "ingress.2214680975.from_port": "80",
                            "ingress.2214680975.ipv6_cidr_blocks.#": "0",
                            "ingress.2214680975.protocol": "tcp",
                            "ingress.2214680975.security_groups.#": "0",
                            "ingress.2214680975.self": "false",
                            "ingress.2214680975.to_port": "80",
                            "ingress.2415977453.cidr_blocks.#": "2",
                            "ingress.2415977453.cidr_blocks.0": "192.168.101.0/24",
                            "ingress.2415977453.cidr_blocks.1": "192.168.102.0/24",
                            "ingress.2415977453.description": "",
                            "ingress.2415977453.from_port": "0",
                            "ingress.2415977453.ipv6_cidr_blocks.#": "0",
                            "ingress.2415977453.protocol": "tcp",
                            "ingress.2415977453.security_groups.#": "0",
                            "ingress.2415977453.self": "false",
                            "ingress.2415977453.to_port": "0",
                            "ingress.2541437006.cidr_blocks.#": "1",
                            "ingress.2541437006.cidr_blocks.0": "0.0.0.0/0",
                            "ingress.2541437006.description": "",
                            "ingress.2541437006.from_port": "22",
                            "ingress.2541437006.ipv6_cidr_blocks.#": "0",
                            "ingress.2541437006.protocol": "tcp",
                            "ingress.2541437006.security_groups.#": "0",
                            "ingress.2541437006.self": "false",
                            "ingress.2541437006.to_port": "22",
                            "ingress.516175195.cidr_blocks.#": "1",
                            "ingress.516175195.cidr_blocks.0": "0.0.0.0/0",
                            "ingress.516175195.description": "",
                            "ingress.516175195.from_port": "8080",
                            "ingress.516175195.ipv6_cidr_blocks.#": "0",
                            "ingress.516175195.protocol": "tcp",
                            "ingress.516175195.security_groups.#": "0",
                            "ingress.516175195.self": "false",
                            "ingress.516175195.to_port": "8080",
                            "name": "public-alb-sg",
                            "owner_id": "821581557109",
                            "revoke_rules_on_delete": "false",
                            "tags.%": "1",
                            "tags.Name": "public-alb-sg",
                            "vpc_id": "vpc-3ecaa458"
                        },
                        "meta": {
                            "e2bfb730-ecaa-11e6-8f88-34363bc7c4c0": {
                                "create": 600000000000,
                                "delete": 600000000000
                            },
                            "schema_version": "1"
                        },
                        "tainted": false
                    },
                    "deposed": [],
                    "provider": "provider.aws"
                },
                "aws_security_group.webserver-sg": {
                    "type": "aws_security_group",
                    "depends_on": [
                        "aws_vpc.vpc"
                    ],
                    "primary": {
                        "id": "sg-e1cf739c",
                        "attributes": {
                            "arn": "arn:aws:ec2:eu-west-1:821581557109:security-group/sg-e1cf739c",
                            "description": "Security Group for public web servers",
                            "egress.#": "4",
                            "egress.1163740523.cidr_blocks.#": "1",
                            "egress.1163740523.cidr_blocks.0": "0.0.0.0/0",
                            "egress.1163740523.description": "",
                            "egress.1163740523.from_port": "3306",
                            "egress.1163740523.ipv6_cidr_blocks.#": "0",
                            "egress.1163740523.prefix_list_ids.#": "0",
                            "egress.1163740523.protocol": "tcp",
                            "egress.1163740523.security_groups.#": "0",
                            "egress.1163740523.self": "false",
                            "egress.1163740523.to_port": "3306",
                            "egress.1593516594.cidr_blocks.#": "1",
                            "egress.1593516594.cidr_blocks.0": "0.0.0.0/0",
                            "egress.1593516594.description": "",
                            "egress.1593516594.from_port": "1433",
                            "egress.1593516594.ipv6_cidr_blocks.#": "0",
                            "egress.1593516594.prefix_list_ids.#": "0",
                            "egress.1593516594.protocol": "tcp",
                            "egress.1593516594.security_groups.#": "0",
                            "egress.1593516594.self": "false",
                            "egress.1593516594.to_port": "1433",
                            "egress.2214680975.cidr_blocks.#": "1",
                            "egress.2214680975.cidr_blocks.0": "0.0.0.0/0",
                            "egress.2214680975.description": "",
                            "egress.2214680975.from_port": "80",
                            "egress.2214680975.ipv6_cidr_blocks.#": "0",
                            "egress.2214680975.prefix_list_ids.#": "0",
                            "egress.2214680975.protocol": "tcp",
                            "egress.2214680975.security_groups.#": "0",
                            "egress.2214680975.self": "false",
                            "egress.2214680975.to_port": "80",
                            "egress.2617001939.cidr_blocks.#": "1",
                            "egress.2617001939.cidr_blocks.0": "0.0.0.0/0",
                            "egress.2617001939.description": "",
                            "egress.2617001939.from_port": "443",
                            "egress.2617001939.ipv6_cidr_blocks.#": "0",
                            "egress.2617001939.prefix_list_ids.#": "0",
                            "egress.2617001939.protocol": "tcp",
                            "egress.2617001939.security_groups.#": "0",
                            "egress.2617001939.self": "false",
                            "egress.2617001939.to_port": "443",
                            "id": "sg-e1cf739c",
                            "ingress.#": "4",
                            "ingress.2214680975.cidr_blocks.#": "1",
                            "ingress.2214680975.cidr_blocks.0": "0.0.0.0/0",
                            "ingress.2214680975.description": "",
                            "ingress.2214680975.from_port": "80",
                            "ingress.2214680975.ipv6_cidr_blocks.#": "0",
                            "ingress.2214680975.protocol": "tcp",
                            "ingress.2214680975.security_groups.#": "0",
                            "ingress.2214680975.self": "false",
                            "ingress.2214680975.to_port": "80",
                            "ingress.2223400681.cidr_blocks.#": "1",
                            "ingress.2223400681.cidr_blocks.0": "0.0.0.0/0",
                            "ingress.2223400681.description": "",
                            "ingress.2223400681.from_port": "3389",
                            "ingress.2223400681.ipv6_cidr_blocks.#": "0",
                            "ingress.2223400681.protocol": "tcp",
                            "ingress.2223400681.security_groups.#": "0",
                            "ingress.2223400681.self": "false",
                            "ingress.2223400681.to_port": "3389",
                            "ingress.2541437006.cidr_blocks.#": "1",
                            "ingress.2541437006.cidr_blocks.0": "0.0.0.0/0",
                            "ingress.2541437006.description": "",
                            "ingress.2541437006.from_port": "22",
                            "ingress.2541437006.ipv6_cidr_blocks.#": "0",
                            "ingress.2541437006.protocol": "tcp",
                            "ingress.2541437006.security_groups.#": "0",
                            "ingress.2541437006.self": "false",
                            "ingress.2541437006.to_port": "22",
                            "ingress.2617001939.cidr_blocks.#": "1",
                            "ingress.2617001939.cidr_blocks.0": "0.0.0.0/0",
                            "ingress.2617001939.description": "",
                            "ingress.2617001939.from_port": "443",
                            "ingress.2617001939.ipv6_cidr_blocks.#": "0",
                            "ingress.2617001939.protocol": "tcp",
                            "ingress.2617001939.security_groups.#": "0",
                            "ingress.2617001939.self": "false",
                            "ingress.2617001939.to_port": "443",
                            "name": "webserver-sg",
                            "owner_id": "821581557109",
                            "revoke_rules_on_delete": "false",
                            "tags.%": "0",
                            "vpc_id": "vpc-3ecaa458"
                        },
                        "meta": {
                            "e2bfb730-ecaa-11e6-8f88-34363bc7c4c0": {
                                "create": 600000000000,
                                "delete": 600000000000
                            },
                            "schema_version": "1"
                        },
                        "tainted": false
                    },
                    "deposed": [],
                    "provider": "provider.aws"
                },
                "aws_subnet.database-subnet.0": {
                    "type": "aws_subnet",
                    "depends_on": [
                        "aws_vpc.vpc"
                    ],
                    "primary": {
                        "id": "subnet-9d7c97c7",
                        "attributes": {
                            "assign_ipv6_address_on_creation": "false",
                            "availability_zone": "eu-west-1a",
                            "cidr_block": "192.168.201.0/24",
                            "id": "subnet-9d7c97c7",
                            "map_public_ip_on_launch": "false",
                            "tags.%": "1",
                            "tags.Name": "database-subnet-0",
                            "vpc_id": "vpc-3ecaa458"
                        },
                        "meta": {
                            "schema_version": "1"
                        },
                        "tainted": false
                    },
                    "deposed": [],
                    "provider": "provider.aws"
                },
                "aws_subnet.database-subnet.1": {
                    "type": "aws_subnet",
                    "depends_on": [
                        "aws_vpc.vpc"
                    ],
                    "primary": {
                        "id": "subnet-48238b2e",
                        "attributes": {
                            "assign_ipv6_address_on_creation": "false",
                            "availability_zone": "eu-west-1b",
                            "cidr_block": "192.168.202.0/24",
                            "id": "subnet-48238b2e",
                            "map_public_ip_on_launch": "false",
                            "tags.%": "1",
                            "tags.Name": "database-subnet-1",
                            "vpc_id": "vpc-3ecaa458"
                        },
                        "meta": {
                            "schema_version": "1"
                        },
                        "tainted": false
                    },
                    "deposed": [],
                    "provider": "provider.aws"
                },
                "aws_subnet.private-subnet.0": {
                    "type": "aws_subnet",
                    "depends_on": [
                        "aws_vpc.vpc"
                    ],
                    "primary": {
                        "id": "subnet-bf779ce5",
                        "attributes": {
                            "assign_ipv6_address_on_creation": "false",
                            "availability_zone": "eu-west-1a",
                            "cidr_block": "192.168.1.0/24",
                            "id": "subnet-bf779ce5",
                            "map_public_ip_on_launch": "false",
                            "tags.%": "1",
                            "tags.Name": "private-subnet-0",
                            "vpc_id": "vpc-3ecaa458"
                        },
                        "meta": {
                            "schema_version": "1"
                        },
                        "tainted": false
                    },
                    "deposed": [],
                    "provider": "provider.aws"
                },
                "aws_subnet.private-subnet.1": {
                    "type": "aws_subnet",
                    "depends_on": [
                        "aws_vpc.vpc"
                    ],
                    "primary": {
                        "id": "subnet-ca2f87ac",
                        "attributes": {
                            "assign_ipv6_address_on_creation": "false",
                            "availability_zone": "eu-west-1b",
                            "cidr_block": "192.168.2.0/24",
                            "id": "subnet-ca2f87ac",
                            "map_public_ip_on_launch": "false",
                            "tags.%": "1",
                            "tags.Name": "private-subnet-1",
                            "vpc_id": "vpc-3ecaa458"
                        },
                        "meta": {
                            "schema_version": "1"
                        },
                        "tainted": false
                    },
                    "deposed": [],
                    "provider": "provider.aws"
                },
                "aws_subnet.public-subnet.0": {
                    "type": "aws_subnet",
                    "depends_on": [
                        "aws_vpc.vpc"
                    ],
                    "primary": {
                        "id": "subnet-13709b49",
                        "attributes": {
                            "assign_ipv6_address_on_creation": "false",
                            "availability_zone": "eu-west-1a",
                            "cidr_block": "192.168.101.0/24",
                            "id": "subnet-13709b49",
                            "map_public_ip_on_launch": "true",
                            "tags.%": "1",
                            "tags.Name": "public-subnet-0",
                            "vpc_id": "vpc-3ecaa458"
                        },
                        "meta": {
                            "schema_version": "1"
                        },
                        "tainted": false
                    },
                    "deposed": [],
                    "provider": "provider.aws"
                },
                "aws_subnet.public-subnet.1": {
                    "type": "aws_subnet",
                    "depends_on": [
                        "aws_vpc.vpc"
                    ],
                    "primary": {
                        "id": "subnet-9a3c94fc",
                        "attributes": {
                            "assign_ipv6_address_on_creation": "false",
                            "availability_zone": "eu-west-1b",
                            "cidr_block": "192.168.102.0/24",
                            "id": "subnet-9a3c94fc",
                            "map_public_ip_on_launch": "true",
                            "tags.%": "1",
                            "tags.Name": "public-subnet-1",
                            "vpc_id": "vpc-3ecaa458"
                        },
                        "meta": {
                            "schema_version": "1"
                        },
                        "tainted": false
                    },
                    "deposed": [],
                    "provider": "provider.aws"
                },
                "aws_vpc.vpc": {
                    "type": "aws_vpc",
                    "depends_on": [],
                    "primary": {
                        "id": "vpc-3ecaa458",
                        "attributes": {
                            "assign_generated_ipv6_cidr_block": "false",
                            "cidr_block": "192.168.0.0/16",
                            "default_network_acl_id": "acl-8150b5f8",
                            "default_route_table_id": "rtb-1ec14d67",
                            "default_security_group_id": "sg-0ace7277",
                            "dhcp_options_id": "dopt-c6638ca0",
                            "enable_classiclink": "false",
                            "enable_classiclink_dns_support": "false",
                            "enable_dns_hostnames": "false",
                            "enable_dns_support": "true",
                            "id": "vpc-3ecaa458",
                            "instance_tenancy": "default",
                            "main_route_table_id": "rtb-1ec14d67",
                            "tags.%": "1",
                            "tags.Name": "main-vpc"
                        },
                        "meta": {
                            "schema_version": "1"
                        },
                        "tainted": false
                    },
                    "deposed": [],
                    "provider": "provider.aws"
                },
                "data.aws_ecs_task_definition.mysql": {
                    "type": "aws_ecs_task_definition",
                    "depends_on": [
                        "aws_ecs_task_definition.mysql"
                    ],
                    "primary": {
                        "id": "arn:aws:ecs:eu-west-1:821581557109:task-definition/mysql:1",
                        "attributes": {
                            "family": "mysql",
                            "id": "arn:aws:ecs:eu-west-1:821581557109:task-definition/mysql:1",
                            "network_mode": "",
                            "revision": "1",
                            "status": "ACTIVE",
                            "task_definition": "mysql",
                            "task_role_arn": ""
                        },
                        "meta": {},
                        "tainted": false
                    },
                    "deposed": [],
                    "provider": "provider.aws"
                },
                "data.aws_ecs_task_definition.nginx": {
                    "type": "aws_ecs_task_definition",
                    "depends_on": [
                        "aws_ecs_task_definition.nginx"
                    ],
                    "primary": {
                        "id": "arn:aws:ecs:eu-west-1:821581557109:task-definition/nginx:3",
                        "attributes": {
                            "family": "nginx",
                            "id": "arn:aws:ecs:eu-west-1:821581557109:task-definition/nginx:3",
                            "network_mode": "",
                            "revision": "3",
                            "status": "ACTIVE",
                            "task_definition": "nginx",
                            "task_role_arn": ""
                        },
                        "meta": {},
                        "tainted": false
                    },
                    "deposed": [],
                    "provider": "provider.aws"
                },
                "data.aws_ecs_task_definition.tomcat": {
                    "type": "aws_ecs_task_definition",
                    "depends_on": [
                        "aws_ecs_task_definition.tomcat"
                    ],
                    "primary": {
                        "id": "arn:aws:ecs:eu-west-1:821581557109:task-definition/tomcat:3",
                        "attributes": {
                            "family": "tomcat",
                            "id": "arn:aws:ecs:eu-west-1:821581557109:task-definition/tomcat:3",
                            "network_mode": "",
                            "revision": "3",
                            "status": "ACTIVE",
                            "task_definition": "tomcat",
                            "task_role_arn": ""
                        },
                        "meta": {},
                        "tainted": false
                    },
                    "deposed": [],
                    "provider": "provider.aws"
                },
                "data.aws_iam_policy_document.ecs-instance-policy": {
                    "type": "aws_iam_policy_document",
                    "depends_on": [],
                    "primary": {
                        "id": "1903849331",
                        "attributes": {
                            "id": "1903849331",
                            "json": "{\n  \"Version\": \"2012-10-17\",\n  \"Statement\": [\n    {\n      \"Sid\": \"\",\n      \"Effect\": \"Allow\",\n      \"Action\": \"sts:AssumeRole\",\n      \"Principal\": {\n        \"Service\": \"ec2.amazonaws.com\"\n      }\n    }\n  ]\n}",
                            "statement.#": "1",
                            "statement.0.actions.#": "1",
                            "statement.0.actions.2528466339": "sts:AssumeRole",
                            "statement.0.condition.#": "0",
                            "statement.0.effect": "Allow",
                            "statement.0.not_actions.#": "0",
                            "statement.0.not_principals.#": "0",
                            "statement.0.not_resources.#": "0",
                            "statement.0.principals.#": "1",
                            "statement.0.principals.1134724139.identifiers.#": "1",
                            "statement.0.principals.1134724139.identifiers.3655884555": "ec2.amazonaws.com",
                            "statement.0.principals.1134724139.type": "Service",
                            "statement.0.resources.#": "0",
                            "statement.0.sid": ""
                        },
                        "meta": {},
                        "tainted": false
                    },
                    "deposed": [],
                    "provider": "provider.aws"
                },
                "data.aws_iam_policy_document.ecs-service-policy": {
                    "type": "aws_iam_policy_document",
                    "depends_on": [],
                    "primary": {
                        "id": "3622649364",
                        "attributes": {
                            "id": "3622649364",
                            "json": "{\n  \"Version\": \"2012-10-17\",\n  \"Statement\": [\n    {\n      \"Sid\": \"\",\n      \"Effect\": \"Allow\",\n      \"Action\": \"sts:AssumeRole\",\n      \"Principal\": {\n        \"Service\": \"ecs.amazonaws.com\"\n      }\n    }\n  ]\n}",
                            "statement.#": "1",
                            "statement.0.actions.#": "1",
                            "statement.0.actions.2528466339": "sts:AssumeRole",
                            "statement.0.condition.#": "0",
                            "statement.0.effect": "Allow",
                            "statement.0.not_actions.#": "0",
                            "statement.0.not_principals.#": "0",
                            "statement.0.not_resources.#": "0",
                            "statement.0.principals.#": "1",
                            "statement.0.principals.1113412664.identifiers.#": "1",
                            "statement.0.principals.1113412664.identifiers.1509832800": "ecs.amazonaws.com",
                            "statement.0.principals.1113412664.type": "Service",
                            "statement.0.resources.#": "0",
                            "statement.0.sid": ""
                        },
                        "meta": {},
                        "tainted": false
                    },
                    "deposed": [],
                    "provider": "provider.aws"
                }
            },
            "depends_on": []
        }
    ]
}
